
Microsoft Visual Studio Solution File, Format Version 11.00
# Visual Studio 2010
Project("{FAE04EC0-301F-11D3-BF4B-00C04F79EFBC}") = "WindowsFormsApplication2", "WindowsFormsApplication2\WindowsFormsApplication2.csproj", "{707C31E2-BF2E-4C94-A766-F22E8410DB37}"
EndProject
Project("{2150E333-8FDC-42A3-9474-1A3956D46DE8}") = "Solution Items", "Solution Items", "{9761488D-4FD4-4715-80C4-EB1D3C96CFEA}"
EndProject
Global
	GlobalSection(SolutionConfigurationPlatforms) = preSolution
		Debug|x86 = Debug|x86
		Release|x86 = Release|x86
	EndGlobalSection
	GlobalSection(ProjectConfigurationPlatforms) = postSolution
		{707C31E2-BF2E-4C94-A766-F22E8410DB37}.Debug|x86.ActiveCfg = Debug|x86
		{707C31E2-BF2E-4C94-A766-F22E8410DB37}.Debug|x86.Build.0 = Debug|x86
		{707C31E2-BF2E-4C94-A766-F22E8410DB37}.Release|x86.ActiveCfg = Release|x86
		{707C31E2-BF2E-4C94-A766-F22E8410DB37}.Release|x86.Build.0 = Release|x86
	EndGlobalSection
	GlobalSection(SolutionProperties) = preSolution
		HideSolutionNode = FALSE
	EndGlobalSection
EndGlobal
